
Microsoft Visual Studio Solution File, Format Version 12.00
# Visual Studio 15
VisualStudioVersion = 15.0.26730.16
MinimumVisualStudioVersion = 10.0.40219.1
Project("{FAE04EC0-301F-11D3-BF4B-00C04F79EFBC}") = "Problem37", "Problem37\Problem37.csproj", "{8FADDD48-3BD5-4F93-BAC3-306D9E45906A}"
EndProject
Global
	GlobalSection(SolutionConfigurationPlatforms) = preSolution
		Debug|Any CPU = Debug|Any CPU
		Release|Any CPU = Release|Any CPU
	EndGlobalSection
	GlobalSection(ProjectConfigurationPlatforms) = postSolution
		{8FADDD48-3BD5-4F93-BAC3-306D9E45906A}.Debug|Any CPU.ActiveCfg = Debug|Any CPU
		{8FADDD48-3BD5-4F93-BAC3-306D9E45906A}.Debug|Any CPU.Build.0 = Debug|Any CPU
		{8FADDD48-3BD5-4F93-BAC3-306D9E45906A}.Release|Any CPU.ActiveCfg = Release|Any CPU
		{8FADDD48-3BD5-4F93-BAC3-306D9E45906A}.Release|Any CPU.Build.0 = Release|Any CPU
	EndGlobalSection
	GlobalSection(SolutionProperties) = preSolution
		HideSolutionNode = FALSE
	EndGlobalSection
	GlobalSection(ExtensibilityGlobals) = postSolution
		SolutionGuid = {7357568F-6DE7-4B32-8385-E06A728146FC}
	EndGlobalSection
EndGlobal
